# Generated by pub
# See https://dart.dev/tools/pub/glossary#lockfile
packages:
  async:
    dependency: transitive
    description:
      name: async
      sha256: "947bfcf187f74dbc5e146c9eb9c0f10c9f8b30743e341481c1e2ed3ecc18c20c"
      url: "https://pub.dev"
    source: hosted
    version: "2.11.0"
  audio_session:
    dependency: transitive
    description:
      name: audio_session
      sha256: "8a2bc5e30520e18f3fb0e366793d78057fb64cd5287862c76af0c8771f2a52ad"
      url: "https://pub.dev"
    source: hosted
    version: "0.1.16"
  audioplayers:
    dependency: "direct main"
    description:
      name: audioplayers
      sha256: "2f4c0da9b483b45695d01dc738e1597d7137ae40fc2fa702f13ccc10efc706a2"
      url: "https://pub.dev"
    source: hosted
    version: "5.0.0"
  audioplayers_android:
    dependency: transitive
    description:
      name: audioplayers_android
      sha256: "7f18bb6c7de01684444e8cba577e3c3aee0ec379897f62ad4b8259d1e22f8c61"
      url: "https://pub.dev"
    source: hosted
    version: "4.0.0"
  audioplayers_darwin:
    dependency: transitive
    description:
      name: audioplayers_darwin
      sha256: "80e341e6b2b364420516f2707271ec47f63b9b22766aa7f7d484601190c316a7"
      url: "https://pub.dev"
    source: hosted
    version: "5.0.0"
  audioplayers_linux:
    dependency: transitive
    description:
      name: audioplayers_linux
      sha256: cca3f272c7186dd2e0025b8864e1413ac5e081d74b17e28b02ceb2df4c110235
      url: "https://pub.dev"
    source: hosted
    version: "3.0.0"
  audioplayers_platform_interface:
    dependency: transitive
    description:
      name: audioplayers_platform_interface
      sha256: "47eae55e99ced11589998cf27e4eaabf5b475a7bd8bea7516ee6c2536a2e1abf"
      url: "https://pub.dev"
    source: hosted
    version: "6.0.0"
  audioplayers_web:
    dependency: transitive
    description:
      name: audioplayers_web
      sha256: "9f155590c6ba9ba469df637f4729264e4234dc3941ece4690dad63ffac19b5af"
      url: "https://pub.dev"
    source: hosted
    version: "4.0.0"
  audioplayers_windows:
    dependency: transitive
    description:
      name: audioplayers_windows
      sha256: "8813b712ba919bb324bde5e3ba97edc81bface945953a54a3dea70b5608bcc70"
      url: "https://pub.dev"
    source: hosted
    version: "3.0.0"
  boolean_selector:
    dependency: transitive
    description:
      name: boolean_selector
      sha256: "6cfb5af12253eaf2b368f07bacc5a80d1301a071c73360d746b7f2e32d762c66"
      url: "https://pub.dev"
    source: hosted
    version: "2.1.1"
  characters:
    dependency: transitive
    description:
      name: characters
      sha256: "04a925763edad70e8443c99234dc3328f442e811f1d8fd1a72f1c8ad0f69a605"
      url: "https://pub.dev"
    source: hosted
    version: "1.3.0"
  clock:
    dependency: transitive
    description:
      name: clock
      sha256: cb6d7f03e1de671e34607e909a7213e31d7752be4fb66a86d29fe1eb14bfb5cf
      url: "https://pub.dev"
    source: hosted
    version: "1.1.1"
  collection:
    dependency: transitive
    description:
      name: collection
      sha256: f092b211a4319e98e5ff58223576de6c2803db36221657b46c82574721240687
      url: "https://pub.dev"
    source: hosted
    version: "1.17.2"
  comment_box:
    dependency: "direct main"
    description:
      name: comment_box
      sha256: "6a0d9cc8d181435b123cc4249c567bd8bdf1bde8d714691b069b942e3e7d4fbb"
      url: "https://pub.dev"
    source: hosted
    version: "0.0.18"
  cross_file:
    dependency: transitive
    description:
      name: cross_file
      sha256: fd832b5384d0d6da4f6df60b854d33accaaeb63aa9e10e736a87381f08dee2cb
      url: "https://pub.dev"
    source: hosted
    version: "0.3.3+5"
  crypto:
    dependency: transitive
    description:
      name: crypto
      sha256: ff625774173754681d66daaf4a448684fb04b78f902da9cb3d308c19cc5e8bab
      url: "https://pub.dev"
    source: hosted
    version: "3.0.3"
  cupertino_icons:
    dependency: "direct main"
    description:
      name: cupertino_icons
      sha256: e35129dc44c9118cee2a5603506d823bab99c68393879edb440e0090d07586be
      url: "https://pub.dev"
    source: hosted
    version: "1.0.5"
  fake_async:
    dependency: transitive
    description:
      name: fake_async
      sha256: "511392330127add0b769b75a987850d136345d9227c6b94c96a04cf4a391bf78"
      url: "https://pub.dev"
    source: hosted
    version: "1.3.1"
  ffi:
    dependency: transitive
    description:
      name: ffi
      sha256: ed5337a5660c506388a9f012be0288fb38b49020ce2b45fe1f8b8323fe429f99
      url: "https://pub.dev"
    source: hosted
    version: "2.0.2"
  file:
    dependency: transitive
    description:
      name: file
      sha256: "5fc22d7c25582e38ad9a8515372cd9a93834027aacf1801cf01164dac0ffa08c"
      url: "https://pub.dev"
    source: hosted
    version: "7.0.0"
  file_picker:
    dependency: "direct main"
    description:
      name: file_picker
      sha256: be325344c1f3070354a1d84a231a1ba75ea85d413774ec4bdf444c023342e030
      url: "https://pub.dev"
    source: hosted
    version: "5.5.0"
  file_selector_linux:
    dependency: transitive
    description:
      name: file_selector_linux
      sha256: "045d372bf19b02aeb69cacf8b4009555fb5f6f0b7ad8016e5f46dd1387ddd492"
      url: "https://pub.dev"
    source: hosted
    version: "0.9.2+1"
  file_selector_macos:
    dependency: transitive
    description:
      name: file_selector_macos
      sha256: b15c3da8bd4908b9918111fa486903f5808e388b8d1c559949f584725a6594d6
      url: "https://pub.dev"
    source: hosted
    version: "0.9.3+3"
  file_selector_platform_interface:
    dependency: transitive
    description:
      name: file_selector_platform_interface
      sha256: "0aa47a725c346825a2bd396343ce63ac00bda6eff2fbc43eabe99737dede8262"
      url: "https://pub.dev"
    source: hosted
    version: "2.6.1"
  file_selector_windows:
    dependency: transitive
    description:
      name: file_selector_windows
      sha256: d3547240c20cabf205c7c7f01a50ecdbc413755814d6677f3cb366f04abcead0
      url: "https://pub.dev"
    source: hosted
    version: "0.9.3+1"
  flutter:
    dependency: "direct main"
    description: flutter
    source: sdk
    version: "0.0.0"
  flutter_audio_waveforms:
    dependency: "direct main"
    description:
      name: flutter_audio_waveforms
      sha256: "425dda9ee5ef9bb2ff2a2000b19ec595593b3baba6a1274da8d1d729846a144b"
      url: "https://pub.dev"
    source: hosted
    version: "1.2.1+8"
  flutter_lints:
    dependency: "direct dev"
    description:
      name: flutter_lints
      sha256: "2118df84ef0c3ca93f96123a616ae8540879991b8b57af2f81b76a7ada49b2a4"
      url: "https://pub.dev"
    source: hosted
    version: "2.0.2"
  flutter_plugin_android_lifecycle:
    dependency: transitive
    description:
      name: flutter_plugin_android_lifecycle
      sha256: f185ac890306b5779ecbd611f52502d8d4d63d27703ef73161ca0407e815f02c
      url: "https://pub.dev"
    source: hosted
    version: "2.0.16"
  flutter_test:
    dependency: "direct dev"
    description: flutter
    source: sdk
    version: "0.0.0"
  flutter_web_plugins:
    dependency: transitive
    description: flutter
    source: sdk
    version: "0.0.0"
  get:
    dependency: "direct main"
    description:
      name: get
      sha256: "2ba20a47c8f1f233bed775ba2dd0d3ac97b4cf32fc17731b3dfc672b06b0e92a"
      url: "https://pub.dev"
    source: hosted
    version: "4.6.5"
  http:
    dependency: transitive
    description:
      name: http
      sha256: "759d1a329847dd0f39226c688d3e06a6b8679668e350e2891a6474f8b4bb8525"
      url: "https://pub.dev"
    source: hosted
    version: "1.1.0"
  http_parser:
    dependency: transitive
    description:
      name: http_parser
      sha256: "2aa08ce0341cc9b354a498388e30986515406668dbcc4f7c950c3e715496693b"
      url: "https://pub.dev"
    source: hosted
    version: "4.0.2"
  image_picker:
    dependency: "direct main"
    description:
      name: image_picker
      sha256: "7d7f2768df2a8b0a3cefa5ef4f84636121987d403130e70b17ef7e2cf650ba84"
      url: "https://pub.dev"
    source: hosted
    version: "1.0.4"
  image_picker_android:
    dependency: transitive
    description:
      name: image_picker_android
      sha256: "47da2161c2e9f8f8a9cbbd89d466d174333fbdd769aeed848912e0b16d9cb369"
      url: "https://pub.dev"
    source: hosted
    version: "0.8.8"
  image_picker_for_web:
    dependency: transitive
    description:
      name: image_picker_for_web
      sha256: "50bc9ae6a77eea3a8b11af5eb6c661eeb858fdd2f734c2a4fd17086922347ef7"
      url: "https://pub.dev"
    source: hosted
    version: "3.0.1"
  image_picker_ios:
    dependency: transitive
    description:
      name: image_picker_ios
      sha256: c5538cacefacac733c724be7484377923b476216ad1ead35a0d2eadcdc0fc497
      url: "https://pub.dev"
    source: hosted
    version: "0.8.8+2"
  image_picker_linux:
    dependency: transitive
    description:
      name: image_picker_linux
      sha256: "4ed1d9bb36f7cd60aa6e6cd479779cc56a4cb4e4de8f49d487b1aaad831300fa"
      url: "https://pub.dev"
    source: hosted
    version: "0.2.1+1"
  image_picker_macos:
    dependency: transitive
    description:
      name: image_picker_macos
      sha256: "3f5ad1e8112a9a6111c46d0b57a7be2286a9a07fc6e1976fdf5be2bd31d4ff62"
      url: "https://pub.dev"
    source: hosted
    version: "0.2.1+1"
  image_picker_platform_interface:
    dependency: transitive
    description:
      name: image_picker_platform_interface
      sha256: ed9b00e63977c93b0d2d2b343685bed9c324534ba5abafbb3dfbd6a780b1b514
      url: "https://pub.dev"
    source: hosted
    version: "2.9.1"
  image_picker_windows:
    dependency: transitive
    description:
      name: image_picker_windows
      sha256: "6ad07afc4eb1bc25f3a01084d28520496c4a3bb0cb13685435838167c9dcedeb"
      url: "https://pub.dev"
    source: hosted
    version: "0.2.1+1"
  js:
    dependency: transitive
    description:
      name: js
      sha256: f2c445dce49627136094980615a031419f7f3eb393237e4ecd97ac15dea343f3
      url: "https://pub.dev"
    source: hosted
    version: "0.6.7"
  just_audio:
    dependency: "direct main"
    description:
      name: just_audio
      sha256: "890cd0fc41a1a4530c171e375a2a3fb6a09d84e9d508c5195f40bcff54330327"
      url: "https://pub.dev"
    source: hosted
    version: "0.9.34"
  just_audio_platform_interface:
    dependency: transitive
    description:
      name: just_audio_platform_interface
      sha256: d8409da198bbc59426cd45d4c92fca522a2ec269b576ce29459d6d6fcaeb44df
      url: "https://pub.dev"
    source: hosted
    version: "4.2.1"
  just_audio_web:
    dependency: transitive
    description:
      name: just_audio_web
      sha256: ff62f733f437b25a0ff590f0e295fa5441dcb465f1edbdb33b3dea264705bc13
      url: "https://pub.dev"
    source: hosted
    version: "0.4.8"
  lints:
    dependency: transitive
    description:
      name: lints
      sha256: "0a217c6c989d21039f1498c3ed9f3ed71b354e69873f13a8dfc3c9fe76f1b452"
      url: "https://pub.dev"
    source: hosted
    version: "2.1.1"
  matcher:
    dependency: transitive
    description:
      name: matcher
      sha256: "1803e76e6653768d64ed8ff2e1e67bea3ad4b923eb5c56a295c3e634bad5960e"
      url: "https://pub.dev"
    source: hosted
    version: "0.12.16"
  material_color_utilities:
    dependency: transitive
    description:
      name: material_color_utilities
      sha256: "9528f2f296073ff54cb9fee677df673ace1218163c3bc7628093e7eed5203d41"
      url: "https://pub.dev"
    source: hosted
    version: "0.5.0"
  meta:
    dependency: transitive
    description:
      name: meta
      sha256: "3c74dbf8763d36539f114c799d8a2d87343b5067e9d796ca22b5eb8437090ee3"
      url: "https://pub.dev"
    source: hosted
    version: "1.9.1"
  mime:
    dependency: transitive
    description:
      name: mime
      sha256: e4ff8e8564c03f255408decd16e7899da1733852a9110a58fe6d1b817684a63e
      url: "https://pub.dev"
    source: hosted
    version: "1.0.4"
  nested:
    dependency: transitive
    description:
      name: nested
      sha256: "03bac4c528c64c95c722ec99280375a6f2fc708eec17c7b3f07253b626cd2a20"
      url: "https://pub.dev"
    source: hosted
    version: "1.0.0"
  open_file:
    dependency: "direct main"
    description:
      name: open_file
      sha256: a5a32d44acb7c899987d0999e1e3cbb0a0f1adebbf41ac813ec6d2d8faa0af20
      url: "https://pub.dev"
    source: hosted
    version: "3.3.2"
  path:
    dependency: transitive
    description:
      name: path
      sha256: "8829d8a55c13fc0e37127c29fedf290c102f4e40ae94ada574091fe0ff96c917"
      url: "https://pub.dev"
    source: hosted
    version: "1.8.3"
  path_provider:
    dependency: transitive
    description:
      name: path_provider
      sha256: "3087813781ab814e4157b172f1a11c46be20179fcc9bea043e0fba36bc0acaa2"
      url: "https://pub.dev"
    source: hosted
    version: "2.0.15"
  path_provider_android:
    dependency: transitive
    description:
      name: path_provider_android
      sha256: "5d44fc3314d969b84816b569070d7ace0f1dea04bd94a83f74c4829615d22ad8"
      url: "https://pub.dev"
    source: hosted
    version: "2.1.0"
  path_provider_foundation:
    dependency: transitive
    description:
      name: path_provider_foundation
      sha256: "1b744d3d774e5a879bb76d6cd1ecee2ba2c6960c03b1020cd35212f6aa267ac5"
      url: "https://pub.dev"
    source: hosted
    version: "2.3.0"
  path_provider_linux:
    dependency: transitive
    description:
      name: path_provider_linux
      sha256: ba2b77f0c52a33db09fc8caf85b12df691bf28d983e84cf87ff6d693cfa007b3
      url: "https://pub.dev"
    source: hosted
    version: "2.2.0"
  path_provider_platform_interface:
    dependency: transitive
    description:
      name: path_provider_platform_interface
      sha256: bced5679c7df11190e1ddc35f3222c858f328fff85c3942e46e7f5589bf9eb84
      url: "https://pub.dev"
    source: hosted
    version: "2.1.0"
  path_provider_windows:
    dependency: transitive
    description:
      name: path_provider_windows
      sha256: ee0e0d164516b90ae1f970bdf29f726f1aa730d7cfc449ecc74c495378b705da
      url: "https://pub.dev"
    source: hosted
    version: "2.2.0"
  platform:
    dependency: transitive
    description:
      name: platform
      sha256: "4a451831508d7d6ca779f7ac6e212b4023dd5a7d08a27a63da33756410e32b76"
      url: "https://pub.dev"
    source: hosted
    version: "3.1.0"
  plugin_platform_interface:
    dependency: transitive
    description:
      name: plugin_platform_interface
      sha256: "43798d895c929056255600343db8f049921cbec94d31ec87f1dc5c16c01935dd"
      url: "https://pub.dev"
    source: hosted
    version: "2.1.5"
  provider:
    dependency: "direct main"
    description:
      name: provider
      sha256: cdbe7530b12ecd9eb455bdaa2fcb8d4dad22e80b8afb4798b41479d5ce26847f
      url: "https://pub.dev"
    source: hosted
    version: "6.0.5"
  rxdart:
    dependency: "direct main"
    description:
      name: rxdart
      sha256: "0c7c0cedd93788d996e33041ffecda924cc54389199cde4e6a34b440f50044cb"
      url: "https://pub.dev"
    source: hosted
    version: "0.27.7"
  sky_engine:
    dependency: transitive
    description: flutter
    source: sdk
    version: "0.0.99"
  source_span:
    dependency: transitive
    description:
      name: source_span
      sha256: "53e943d4206a5e30df338fd4c6e7a077e02254531b138a15aec3bd143c1a8b3c"
      url: "https://pub.dev"
    source: hosted
    version: "1.10.0"
  stack_trace:
    dependency: transitive
    description:
      name: stack_trace
      sha256: c3c7d8edb15bee7f0f74debd4b9c5f3c2ea86766fe4178eb2a18eb30a0bdaed5
      url: "https://pub.dev"
    source: hosted
    version: "1.11.0"
  stream_channel:
    dependency: transitive
    description:
      name: stream_channel
      sha256: "83615bee9045c1d322bbbd1ba209b7a749c2cbcdcb3fdd1df8eb488b3279c1c8"
      url: "https://pub.dev"
    source: hosted
    version: "2.1.1"
  string_scanner:
    dependency: transitive
    description:
      name: string_scanner
      sha256: "556692adab6cfa87322a115640c11f13cb77b3f076ddcc5d6ae3c20242bedcde"
      url: "https://pub.dev"
    source: hosted
    version: "1.2.0"
  synchronized:
    dependency: transitive
    description:
      name: synchronized
      sha256: "5fcbd27688af6082f5abd611af56ee575342c30e87541d0245f7ff99faa02c60"
      url: "https://pub.dev"
    source: hosted
    version: "3.1.0"
  term_glyph:
    dependency: transitive
    description:
      name: term_glyph
      sha256: a29248a84fbb7c79282b40b8c72a1209db169a2e0542bce341da992fe1bc7e84
      url: "https://pub.dev"
    source: hosted
    version: "1.2.1"
  test_api:
    dependency: transitive
    description:
      name: test_api
      sha256: "75760ffd7786fffdfb9597c35c5b27eaeec82be8edfb6d71d32651128ed7aab8"
      url: "https://pub.dev"
    source: hosted
    version: "0.6.0"
  typed_data:
    dependency: transitive
    description:
      name: typed_data
      sha256: facc8d6582f16042dd49f2463ff1bd6e2c9ef9f3d5da3d9b087e244a7b564b3c
      url: "https://pub.dev"
    source: hosted
    version: "1.3.2"
  uuid:
    dependency: transitive
    description:
      name: uuid
      sha256: "648e103079f7c64a36dc7d39369cabb358d377078a051d6ae2ad3aa539519313"
      url: "https://pub.dev"
    source: hosted
    version: "3.0.7"
  vector_math:
    dependency: transitive
    description:
      name: vector_math
      sha256: "80b3257d1492ce4d091729e3a67a60407d227c27241d6927be0130c98e741803"
      url: "https://pub.dev"
    source: hosted
    version: "2.1.4"
  web:
    dependency: transitive
    description:
      name: web
      sha256: dc8ccd225a2005c1be616fe02951e2e342092edf968cf0844220383757ef8f10
      url: "https://pub.dev"
    source: hosted
    version: "0.1.4-beta"
  win32:
    dependency: transitive
    description:
      name: win32
      sha256: f2add6fa510d3ae152903412227bda57d0d5a8da61d2c39c1fb022c9429a41c0
      url: "https://pub.dev"
    source: hosted
    version: "5.0.6"
  xdg_directories:
    dependency: transitive
    description:
      name: xdg_directories
      sha256: e0b1147eec179d3911f1f19b59206448f78195ca1d20514134e10641b7d7fbff
      url: "https://pub.dev"
    source: hosted
    version: "1.0.1"
sdks:
  dart: ">=3.1.0-185.0.dev <4.0.0"
  flutter: ">=3.10.0"
